// !$*UTF8*$!
{
	archiveVersion = 1;
	classes = {
	};
	objectVersion = 46;
	objects = {

/* Begin PBXBuildFile section */
		030DEE731EBADCAB00CCF475 /* FuritService.swift in Sources */ = {isa = PBXBuildFile; fileRef = 030DEE721EBADCAB00CCF475 /* FuritService.swift */; };
		030DEE761EBB1BFF00CCF475 /* FruitViewModel.swift in Sources */ = {isa = PBXBuildFile; fileRef = 030DEE751EBB1BFF00CCF475 /* FruitViewModel.swift */; };
		034CDBBF1E953D61003D8961 /* FruitDetailViewController.swift in Sources */ = {isa = PBXBuildFile; fileRef = 034CDBBE1E953D61003D8961 /* FruitDetailViewController.swift */; };
		035089D71E8961A900742DCE /* FruitEntity.swift in Sources */ = {isa = PBXBuildFile; fileRef = 035089D61E8961A900742DCE /* FruitEntity.swift */; };
		035089D91E8963B300742DCE /* EntityHelper.swift in Sources */ = {isa = PBXBuildFile; fileRef = 035089D81E8963B300742DCE /* EntityHelper.swift */; };
		03682B931E8AA0F700E4D0F9 /* CardCollectionFlowLayout.swift in Sources */ = {isa = PBXBuildFile; fileRef = 03682B921E8AA0F700E4D0F9 /* CardCollectionFlowLayout.swift */; };
		03682B951E8AA50700E4D0F9 /* CardCollectionViewCell.swift in Sources */ = {isa = PBXBuildFile; fileRef = 03682B941E8AA50700E4D0F9 /* CardCollectionViewCell.swift */; };
		039E63211E894EED00328A1E /* AppDelegate.swift in Sources */ = {isa = PBXBuildFile; fileRef = 039E63201E894EED00328A1E /* AppDelegate.swift */; };
		039E63231E894EED00328A1E /* ViewController.swift in Sources */ = {isa = PBXBuildFile; fileRef = 039E63221E894EED00328A1E /* ViewController.swift */; };
		039E63261E894EED00328A1E /* Main.storyboard in Resources */ = {isa = PBXBuildFile; fileRef = 039E63241E894EED00328A1E /* Main.storyboard */; };
		039E63281E894EED00328A1E /* Assets.xcassets in Resources */ = {isa = PBXBuildFile; fileRef = 039E63271E894EED00328A1E /* Assets.xcassets */; };
		039E632B1E894EED00328A1E /* LaunchScreen.storyboard in Resources */ = {isa = PBXBuildFile; fileRef = 039E63291E894EED00328A1E /* LaunchScreen.storyboard */; };
		27F1A460366850EE85594CCE /* Pods_Fruit.framework in Frameworks */ = {isa = PBXBuildFile; fileRef = DE7580D28026FB0BE1921915 /* Pods_Fruit.framework */; };
/* End PBXBuildFile section */

/* Begin PBXFileReference section */
		030DEE721EBADCAB00CCF475 /* FuritService.swift */ = {isa = PBXFileReference; fileEncoding = 4; lastKnownFileType = sourcecode.swift; path = FuritService.swift; sourceTree = "<group>"; };
		030DEE751EBB1BFF00CCF475 /* FruitViewModel.swift */ = {isa = PBXFileReference; fileEncoding = 4; lastKnownFileType = sourcecode.swift; path = FruitViewModel.swift; sourceTree = "<group>"; };
		034CDBBE1E953D61003D8961 /* FruitDetailViewController.swift */ = {isa = PBXFileReference; fileEncoding = 4; lastKnownFileType = sourcecode.swift; path = FruitDetailViewController.swift; sourceTree = "<group>"; };
		035089D61E8961A900742DCE /* FruitEntity.swift */ = {isa = PBXFileReference; fileEncoding = 4; lastKnownFileType = sourcecode.swift; path = FruitEntity.swift; sourceTree = "<group>"; };
		035089D81E8963B300742DCE /* EntityHelper.swift */ = {isa = PBXFileReference; fileEncoding = 4; lastKnownFileType = sourcecode.swift; path = EntityHelper.swift; sourceTree = "<group>"; };
		03682B921E8AA0F700E4D0F9 /* CardCollectionFlowLayout.swift */ = {isa = PBXFileReference; fileEncoding = 4; lastKnownFileType = sourcecode.swift; path = CardCollectionFlowLayout.swift; sourceTree = "<group>"; };
		03682B941E8AA50700E4D0F9 /* CardCollectionViewCell.swift */ = {isa = PBXFileReference; fileEncoding = 4; lastKnownFileType = sourcecode.swift; path = CardCollectionViewCell.swift; sourceTree = "<group>"; };
		039E631D1E894EED00328A1E /* Fruit.app */ = {isa = PBXFileReference; explicitFileType = wrapper.application; includeInIndex = 0; path = Fruit.app; sourceTree = BUILT_PRODUCTS_DIR; };
		039E63201E894EED00328A1E /* AppDelegate.swift */ = {isa = PBXFileReference; lastKnownFileType = sourcecode.swift; path = AppDelegate.swift; sourceTree = "<group>"; };
		039E63221E894EED00328A1E /* ViewController.swift */ = {isa = PBXFileReference; lastKnownFileType = sourcecode.swift; path = ViewController.swift; sourceTree = "<group>"; };
		039E63251E894EED00328A1E /* Base */ = {isa = PBXFileReference; lastKnownFileType = file.storyboard; name = Base; path = Base.lproj/Main.storyboard; sourceTree = "<group>"; };
		039E63271E894EED00328A1E /* Assets.xcassets */ = {isa = PBXFileReference; lastKnownFileType = folder.assetcatalog; path = Assets.xcassets; sourceTree = "<group>"; };
		039E632A1E894EED00328A1E /* Base */ = {isa = PBXFileReference; lastKnownFileType = file.storyboard; name = Base; path = Base.lproj/LaunchScreen.storyboard; sourceTree = "<group>"; };
		039E632C1E894EED00328A1E /* Info.plist */ = {isa = PBXFileReference; lastKnownFileType = text.plist.xml; path = Info.plist; sourceTree = "<group>"; };
		238F8FE5A582FA455DAB67C0 /* Pods-Fruit.release.xcconfig */ = {isa = PBXFileReference; includeInIndex = 1; lastKnownFileType = text.xcconfig; name = "Pods-Fruit.release.xcconfig"; path = "Pods/Target Support Files/Pods-Fruit/Pods-Fruit.release.xcconfig"; sourceTree = "<group>"; };
		54E8CDDC0DA3E33A7596BBEE /* Pods-Fruit.debug.xcconfig */ = {isa = PBXFileReference; includeInIndex = 1; lastKnownFileType = text.xcconfig; name = "Pods-Fruit.debug.xcconfig"; path = "Pods/Target Support Files/Pods-Fruit/Pods-Fruit.debug.xcconfig"; sourceTree = "<group>"; };
		DE7580D28026FB0BE1921915 /* Pods_Fruit.framework */ = {isa = PBXFileReference; explicitFileType = wrapper.framework; includeInIndex = 0; path = Pods_Fruit.framework; sourceTree = BUILT_PRODUCTS_DIR; };
/* End PBXFileReference section */

/* Begin PBXFrameworksBuildPhase section */
		039E631A1E894EED00328A1E /* Frameworks */ = {
			isa = PBXFrameworksBuildPhase;
			buildActionMask = 2147483647;
			files = (
				27F1A460366850EE85594CCE /* Pods_Fruit.framework in Frameworks */,
			);
			runOnlyForDeploymentPostprocessing = 0;
		};
/* End PBXFrameworksBuildPhase section */

/* Begin PBXGroup section */
		030DEE711EBADC6E00CCF475 /* NetworkServer */ = {
			isa = PBXGroup;
			children = (
				030DEE721EBADCAB00CCF475 /* FuritService.swift */,
			);
			path = NetworkServer;
			sourceTree = "<group>";
		};
		030DEE741EBB1AB200CCF475 /* ViewModel */ = {
			isa = PBXGroup;
			children = (
				030DEE751EBB1BFF00CCF475 /* FruitViewModel.swift */,
			);
			path = ViewModel;
			sourceTree = "<group>";
		};
		034CDBBD1E953D4E003D8961 /* ViewControllers */ = {
			isa = PBXGroup;
			children = (
				034CDBBE1E953D61003D8961 /* FruitDetailViewController.swift */,
			);
			path = ViewControllers;
			sourceTree = "<group>";
		};
		035089D51E89617B00742DCE /* DataCenter */ = {
			isa = PBXGroup;
			children = (
				030DEE711EBADC6E00CCF475 /* NetworkServer */,
				035089D61E8961A900742DCE /* FruitEntity.swift */,
				035089D81E8963B300742DCE /* EntityHelper.swift */,
			);
			path = DataCenter;
			sourceTree = "<group>";
		};
		03682B8A1E8A9EF600E4D0F9 /* UI */ = {
			isa = PBXGroup;
			children = (
				030DEE741EBB1AB200CCF475 /* ViewModel */,
				034CDBBD1E953D4E003D8961 /* ViewControllers */,
				03682B8B1E8A9F1700E4D0F9 /* Cells */,
			);
			path = UI;
			sourceTree = "<group>";
		};
		03682B8B1E8A9F1700E4D0F9 /* Cells */ = {
			isa = PBXGroup;
			children = (
				03682B921E8AA0F700E4D0F9 /* CardCollectionFlowLayout.swift */,
				03682B941E8AA50700E4D0F9 /* CardCollectionViewCell.swift */,
			);
			path = Cells;
			sourceTree = "<group>";
		};
		039E63141E894EED00328A1E = {
			isa = PBXGroup;
			children = (
				039E631F1E894EED00328A1E /* Fruit */,
				039E631E1E894EED00328A1E /* Products */,
				FBBC8497D70F8AFA87DFD578 /* Pods */,
				99C375F2D276914B80A5EB0C /* Frameworks */,
			);
			sourceTree = "<group>";
		};
		039E631E1E894EED00328A1E /* Products */ = {
			isa = PBXGroup;
			children = (
				039E631D1E894EED00328A1E /* Fruit.app */,
			);
			name = Products;
			sourceTree = "<group>";
		};
		039E631F1E894EED00328A1E /* Fruit */ = {
			isa = PBXGroup;
			children = (
				03682B8A1E8A9EF600E4D0F9 /* UI */,
				035089D51E89617B00742DCE /* DataCenter */,
				039E63201E894EED00328A1E /* AppDelegate.swift */,
				039E63221E894EED00328A1E /* ViewController.swift */,
				039E63241E894EED00328A1E /* Main.storyboard */,
				039E63271E894EED00328A1E /* Assets.xcassets */,
				039E63291E894EED00328A1E /* LaunchScreen.storyboard */,
				039E632C1E894EED00328A1E /* Info.plist */,
			);
			path = Fruit;
			sourceTree = "<group>";
		};
		99C375F2D276914B80A5EB0C /* Frameworks */ = {
			isa = PBXGroup;
			children = (
				DE7580D28026FB0BE1921915 /* Pods_Fruit.framework */,
			);
			name = Frameworks;
			sourceTree = "<group>";
		};
		FBBC8497D70F8AFA87DFD578 /* Pods */ = {
			isa = PBXGroup;
			children = (
				54E8CDDC0DA3E33A7596BBEE /* Pods-Fruit.debug.xcconfig */,
				238F8FE5A582FA455DAB67C0 /* Pods-Fruit.release.xcconfig */,
			);
			name = Pods;
			sourceTree = "<group>";
		};
/* End PBXGroup section */

/* Begin PBXNativeTarget section */
		039E631C1E894EED00328A1E /* Fruit */ = {
			isa = PBXNativeTarget;
			buildConfigurationList = 039E632F1E894EED00328A1E /* Build configuration list for PBXNativeTarget "Fruit" */;
			buildPhases = (
				3296FF6F8B21F944D37D2343 /* [CP] Check Pods Manifest.lock */,
				039E63191E894EED00328A1E /* Sources */,
				039E631A1E894EED00328A1E /* Frameworks */,
				039E631B1E894EED00328A1E /* Resources */,
				6F0960A677EE3EADDCC91DAF /* [CP] Embed Pods Frameworks */,
				42DD48BDEC47214F658E4BF9 /* [CP] Copy Pods Resources */,
			);
			buildRules = (
			);
			dependencies = (
			);
			name = Fruit;
			productName = Fruit;
			productReference = 039E631D1E894EED00328A1E /* Fruit.app */;
			productType = "com.apple.product-type.application";
		};
/* End PBXNativeTarget section */

/* Begin PBXProject section */
		039E63151E894EED00328A1E /* Project object */ = {
			isa = PBXProject;
			attributes = {
				LastSwiftUpdateCheck = 0820;
				LastUpgradeCheck = 0820;
				ORGANIZATIONNAME = "周敦广";
				TargetAttributes = {
					039E631C1E894EED00328A1E = {
						CreatedOnToolsVersion = 8.2.1;
						ProvisioningStyle = Automatic;
					};
				};
			};
			buildConfigurationList = 039E63181E894EED00328A1E /* Build configuration list for PBXProject "Fruit" */;
			compatibilityVersion = "Xcode 3.2";
			developmentRegion = English;
			hasScannedForEncodings = 0;
			knownRegions = (
				en,
				Base,
			);
			mainGroup = 039E63141E894EED00328A1E;
			productRefGroup = 039E631E1E894EED00328A1E /* Products */;
			projectDirPath = "";
			projectRoot = "";
			targets = (
				039E631C1E894EED00328A1E /* Fruit */,
			);
		};
/* End PBXProject section */

/* Begin PBXResourcesBuildPhase section */
		039E631B1E894EED00328A1E /* Resources */ = {
			isa = PBXResourcesBuildPhase;
			buildActionMask = 2147483647;
			files = (
				039E632B1E894EED00328A1E /* LaunchScreen.storyboard in Resources */,
				039E63281E894EED00328A1E /* Assets.xcassets in Resources */,
				039E63261E894EED00328A1E /* Main.storyboard in Resources */,
			);
			runOnlyForDeploymentPostprocessing = 0;
		};
/* End PBXResourcesBuildPhase section */

/* Begin PBXShellScriptBuildPhase section */
		3296FF6F8B21F944D37D2343 /* [CP] Check Pods Manifest.lock */ = {
			isa = PBXShellScriptBuildPhase;
			buildActionMask = 2147483647;
			files = (
			);
			inputPaths = (
			);
			name = "[CP] Check Pods Manifest.lock";
			outputPaths = (
			);
			runOnlyForDeploymentPostprocessing = 0;
			shellPath = /bin/sh;
			shellScript = "diff \"${PODS_PODFILE_DIR_PATH}/Podfile.lock\" \"${PODS_ROOT}/Manifest.lock\" > /dev/null\nif [ $? != 0 ] ; then\n    # print error to STDERR\n    echo \"error: The sandbox is not in sync with the Podfile.lock. Run 'pod install' or update your CocoaPods installation.\" >&2\n    exit 1\nfi\n";
			showEnvVarsInLog = 0;
		};
		42DD48BDEC47214F658E4BF9 /* [CP] Copy Pods Resources */ = {
			isa = PBXShellScriptBuildPhase;
			buildActionMask = 2147483647;
			files = (
			);
			inputPaths = (
			);
			name = "[CP] Copy Pods Resources";
			outputPaths = (
			);
			runOnlyForDeploymentPostprocessing = 0;
			shellPath = /bin/sh;
			shellScript = "\"${SRCROOT}/Pods/Target Support Files/Pods-Fruit/Pods-Fruit-resources.sh\"\n";
			showEnvVarsInLog = 0;
		};
		6F0960A677EE3EADDCC91DAF /* [CP] Embed Pods Frameworks */ = {
			isa = PBXShellScriptBuildPhase;
			buildActionMask = 2147483647;
			files = (
			);
			inputPaths = (
			);
			name = "[CP] Embed Pods Frameworks";
			outputPaths = (
			);
			runOnlyForDeploymentPostprocessing = 0;
			shellPath = /bin/sh;
			shellScript = "\"${SRCROOT}/Pods/Target Support Files/Pods-Fruit/Pods-Fruit-frameworks.sh\"\n";
			showEnvVarsInLog = 0;
		};
/* End PBXShellScriptBuildPhase section */

/* Begin PBXSourcesBuildPhase section */
		039E63191E894EED00328A1E /* Sources */ = {
			isa = PBXSourcesBuildPhase;
			buildActionMask = 2147483647;
			files = (
				030DEE731EBADCAB00CCF475 /* FuritService.swift in Sources */,
				030DEE761EBB1BFF00CCF475 /* FruitViewModel.swift in Sources */,
				039E63231E894EED00328A1E /* ViewController.swift in Sources */,
				039E63211E894EED00328A1E /* AppDelegate.swift in Sources */,
				035089D91E8963B300742DCE /* EntityHelper.swift in Sources */,
				03682B931E8AA0F700E4D0F9 /* CardCollectionFlowLayout.swift in Sources */,
				03682B951E8AA50700E4D0F9 /* CardCollectionViewCell.swift in Sources */,
				034CDBBF1E953D61003D8961 /* FruitDetailViewController.swift in Sources */,
				035089D71E8961A900742DCE /* FruitEntity.swift in Sources */,
			);
			runOnlyForDeploymentPostprocessing = 0;
		};
/* End PBXSourcesBuildPhase section */

/* Begin PBXVariantGroup section */
		039E63241E894EED00328A1E /* Main.storyboard */ = {
			isa = PBXVariantGroup;
			children = (
				039E63251E894EED00328A1E /* Base */,
			);
			name = Main.storyboard;
			sourceTree = "<group>";
		};
		039E63291E894EED00328A1E /* LaunchScreen.storyboard */ = {
			isa = PBXVariantGroup;
			children = (
				039E632A1E894EED00328A1E /* Base */,
			);
			name = LaunchScreen.storyboard;
			sourceTree = "<group>";
		};
/* End PBXVariantGroup section */

/* Begin XCBuildConfiguration section */
		039E632D1E894EED00328A1E /* Debug */ = {
			isa = XCBuildConfiguration;
			buildSettings = {
				ALWAYS_SEARCH_USER_PATHS = NO;
				CLANG_ANALYZER_NONNULL = YES;
				CLANG_CXX_LANGUAGE_STANDARD = "gnu++0x";
				CLANG_CXX_LIBRARY = "libc++";
				CLANG_ENABLE_MODULES = YES;
				CLANG_ENABLE_OBJC_ARC = YES;
				CLANG_WARN_BOOL_CONVERSION = YES;
				CLANG_WARN_CONSTANT_CONVERSION = YES;
				CLANG_WARN_DIRECT_OBJC_ISA_USAGE = YES_ERROR;
				CLANG_WARN_DOCUMENTATION_COMMENTS = YES;
				CLANG_WARN_EMPTY_BODY = YES;
				CLANG_WARN_ENUM_CONVERSION = YES;
				CLANG_WARN_INFINITE_RECURSION = YES;
				CLANG_WARN_INT_CONVERSION = YES;
				CLANG_WARN_OBJC_ROOT_CLASS = YES_ERROR;
				CLANG_WARN_SUSPICIOUS_MOVE = YES;
				CLANG_WARN_UNREACHABLE_CODE = YES;
				CLANG_WARN__DUPLICATE_METHOD_MATCH = YES;
				"CODE_SIGN_IDENTITY[sdk=iphoneos*]" = "iPhone Developer";
				COPY_PHASE_STRIP = NO;
				DEBUG_INFORMATION_FORMAT = dwarf;
				ENABLE_STRICT_OBJC_MSGSEND = YES;
				ENABLE_TESTABILITY = YES;
				GCC_C_LANGUAGE_STANDARD = gnu99;
				GCC_DYNAMIC_NO_PIC = NO;
				GCC_NO_COMMON_BLOCKS = YES;
				GCC_OPTIMIZATION_LEVEL = 0;
				GCC_PREPROCESSOR_DEFINITIONS = (
					"DEBUG=1",
					"$(inherited)",
				);
				GCC_WARN_64_TO_32_BIT_CONVERSION = YES;
				GCC_WARN_ABOUT_RETURN_TYPE = YES_ERROR;
				GCC_WARN_UNDECLARED_SELECTOR = YES;
				GCC_WARN_UNINITIALIZED_AUTOS = YES_AGGRESSIVE;
				GCC_WARN_UNUSED_FUNCTION = YES;
				GCC_WARN_UNUSED_VARIABLE = YES;
				IPHONEOS_DEPLOYMENT_TARGET = 10.2;
				MTL_ENABLE_DEBUG_INFO = YES;
				ONLY_ACTIVE_ARCH = YES;
				SDKROOT = iphoneos;
				SWIFT_ACTIVE_COMPILATION_CONDITIONS = DEBUG;
				SWIFT_OPTIMIZATION_LEVEL = "-Onone";
				TARGETED_DEVICE_FAMILY = "1,2";
			};
			name = Debug;
		};
		039E632E1E894EED00328A1E /* Release */ = {
			isa = XCBuildConfiguration;
			buildSettings = {
				ALWAYS_SEARCH_USER_PATHS = NO;
				CLANG_ANALYZER_NONNULL = YES;
				CLANG_CXX_LANGUAGE_STANDARD = "gnu++0x";
				CLANG_CXX_LIBRARY = "libc++";
				CLANG_ENABLE_MODULES = YES;
				CLANG_ENABLE_OBJC_ARC = YES;
				CLANG_WARN_BOOL_CONVERSION = YES;
				CLANG_WARN_CONSTANT_CONVERSION = YES;
				CLANG_WARN_DIRECT_OBJC_ISA_USAGE = YES_ERROR;
				CLANG_WARN_DOCUMENTATION_COMMENTS = YES;
				CLANG_WARN_EMPTY_BODY = YES;
				CLANG_WARN_ENUM_CONVERSION = YES;
				CLANG_WARN_INFINITE_RECURSION = YES;
				CLANG_WARN_INT_CONVERSION = YES;
				CLANG_WARN_OBJC_ROOT_CLASS = YES_ERROR;
				CLANG_WARN_SUSPICIOUS_MOVE = YES;
				CLANG_WARN_UNREACHABLE_CODE = YES;
				CLANG_WARN__DUPLICATE_METHOD_MATCH = YES;
				"CODE_SIGN_IDENTITY[sdk=iphoneos*]" = "iPhone Developer";
				COPY_PHASE_STRIP = NO;
				DEBUG_INFORMATION_FORMAT = "dwarf-with-dsym";
				ENABLE_NS_ASSERTIONS = NO;
				ENABLE_STRICT_OBJC_MSGSEND = YES;
				GCC_C_LANGUAGE_STANDARD = gnu99;
				GCC_NO_COMMON_BLOCKS = YES;
				GCC_WARN_64_TO_32_BIT_CONVERSION = YES;
				GCC_WARN_ABOUT_RETURN_TYPE = YES_ERROR;
				GCC_WARN_UNDECLARED_SELECTOR = YES;
				GCC_WARN_UNINITIALIZED_AUTOS = YES_AGGRESSIVE;
				GCC_WARN_UNUSED_FUNCTION = YES;
				GCC_WARN_UNUSED_VARIABLE = YES;
				IPHONEOS_DEPLOYMENT_TARGET = 10.2;
				MTL_ENABLE_DEBUG_INFO = NO;
				SDKROOT = iphoneos;
				SWIFT_OPTIMIZATION_LEVEL = "-Owholemodule";
				TARGETED_DEVICE_FAMILY = "1,2";
				VALIDATE_PRODUCT = YES;
			};
			name = Release;
		};
		039E63301E894EED00328A1E /* Debug */ = {
			isa = XCBuildConfiguration;
			baseConfigurationReference = 54E8CDDC0DA3E33A7596BBEE /* Pods-Fruit.debug.xcconfig */;
			buildSettings = {
				ASSETCATALOG_COMPILER_APPICON_NAME = AppIcon;
				INFOPLIST_FILE = Fruit/Info.plist;
				LD_RUNPATH_SEARCH_PATHS = "$(inherited) @executable_path/Frameworks";
				PRODUCT_BUNDLE_IDENTIFIER = com.zhou.Fruit;
				PRODUCT_NAME = "$(TARGET_NAME)";
				SWIFT_VERSION = 3.0;
			};
			name = Debug;
		};
		039E63311E894EED00328A1E /* Release */ = {
			isa = XCBuildConfiguration;
			baseConfigurationReference = 238F8FE5A582FA455DAB67C0 /* Pods-Fruit.release.xcconfig */;
			buildSettings = {
				ASSETCATALOG_COMPILER_APPICON_NAME = AppIcon;
				INFOPLIST_FILE = Fruit/Info.plist;
				LD_RUNPATH_SEARCH_PATHS = "$(inherited) @executable_path/Frameworks";
				PRODUCT_BUNDLE_IDENTIFIER = com.zhou.Fruit;
				PRODUCT_NAME = "$(TARGET_NAME)";
				SWIFT_VERSION = 3.0;
			};
			name = Release;
		};
/* End XCBuildConfiguration section */

/* Begin XCConfigurationList section */
		039E63181E894EED00328A1E /* Build configuration list for PBXProject "Fruit" */ = {
			isa = XCConfigurationList;
			buildConfigurations = (
				039E632D1E894EED00328A1E /* Debug */,
				039E632E1E894EED00328A1E /* Release */,
			);
			defaultConfigurationIsVisible = 0;
			defaultConfigurationName = Release;
		};
		039E632F1E894EED00328A1E /* Build configuration list for PBXNativeTarget "Fruit" */ = {
			isa = XCConfigurationList;
			buildConfigurations = (
				039E63301E894EED00328A1E /* Debug */,
				039E63311E894EED00328A1E /* Release */,
			);
			defaultConfigurationIsVisible = 0;
			defaultConfigurationName = Release;
		};
/* End XCConfigurationList section */
	};
	rootObject = 039E63151E894EED00328A1E /* Project object */;
}
